<?xml version="1.0" encoding="utf-8"?>
<Project ToolsVersion="4.0" xmlns="http://schemas.microsoft.com/developer/msbuild/2003">
  <ItemGroup>
    <ClCompile Include="..\src\basejump.cpp" />
    <ClCompile Include="..\src\Controller.cpp" />
    <ClCompile Include="..\src\game.cpp" />
    <ClCompile Include="..\src\GLDebugDrawer.cpp" />
    <ClCompile Include="..\src\Kinect.cpp" />
    <ClCompile Include="..\src\main.cpp" />
    <ClCompile Include="..\src\Protagonist.cpp" />
    <ClCompile Include="..\src\XboxController.cpp" />
  </ItemGroup>
  <ItemGroup>
    <ClInclude Include="..\..\src\platform.hpp" />
    <ClInclude Include="..\config.h" />
    <ClInclude Include="..\crt.hpp" />
    <ClInclude Include="..\src\Controller.hpp" />
    <ClInclude Include="..\src\game.hpp" />
    <ClInclude Include="..\src\GLDebugDrawer.hpp" />
    <ClInclude Include="..\src\Kinect.hpp" />
    <ClInclude Include="..\src\Protagonist.hpp" />
    <ClInclude Include="..\src\XboxController.h" />
  </ItemGroup>
  <ItemGroup>
    <None Include="..\shaders\blood.frag">
      <Filter>Shaders</Filter>
    </None>
    <None Include="..\basejump\levels\default\level.cfg">
      <Filter>Configs</Filter>
    </None>
    <None Include="..\basejump\sky.cfg">
      <Filter>Configs</Filter>
    </None>
    <None Include="..\basejump\levels\default\terrain.cfg">
      <Filter>Configs</Filter>
    </None>
  </ItemGroup>
  <ItemGroup>
    <Filter Include="Shaders">
      <UniqueIdentifier>{2e2d289a-e1e4-4962-ab07-81de87c3ae92}</UniqueIdentifier>
    </Filter>
    <Filter Include="Configs">
      <UniqueIdentifier>{7f06156b-b134-4248-b25e-53ee9bafa332}</UniqueIdentifier>
    </Filter>
  </ItemGroup>
</Project>